
Microsoft Visual Studio Solution File, Format Version 12.00
# Visual Studio 15
Project("{FAE04EC0-301F-11D3-BF4B-00C04F79EFBC}") = "Assembly-CSharp", "Assembly-CSharp.csproj", "{D14DDDD1-C454-6B05-EACB-5ABD4AD11482}"
EndProject
Project("{FAE04EC0-301F-11D3-BF4B-00C04F79EFBC}") = "Assembly-CSharp-Editor", "Assembly-CSharp-Editor.csproj", "{58D9F2A4-4C4D-73A7-0162-0C4BC9A42062}"
EndProject
Global
	GlobalSection(SolutionConfigurationPlatforms) = preSolution
		Debug|Any CPU = Debug|Any CPU
		Release|Any CPU = Release|Any CPU
	EndGlobalSection
	GlobalSection(ProjectConfigurationPlatforms) = postSolution
		{D14DDDD1-C454-6B05-EACB-5ABD4AD11482}.Debug|Any CPU.ActiveCfg = Debug|Any CPU
		{D14DDDD1-C454-6B05-EACB-5ABD4AD11482}.Debug|Any CPU.Build.0 = Debug|Any CPU
		{D14DDDD1-C454-6B05-EACB-5ABD4AD11482}.Release|Any CPU.ActiveCfg = Release|Any CPU
		{D14DDDD1-C454-6B05-EACB-5ABD4AD11482}.Release|Any CPU.Build.0 = Release|Any CPU
		{58D9F2A4-4C4D-73A7-0162-0C4BC9A42062}.Debug|Any CPU.ActiveCfg = Debug|Any CPU
		{58D9F2A4-4C4D-73A7-0162-0C4BC9A42062}.Debug|Any CPU.Build.0 = Debug|Any CPU
		{58D9F2A4-4C4D-73A7-0162-0C4BC9A42062}.Release|Any CPU.ActiveCfg = Release|Any CPU
		{58D9F2A4-4C4D-73A7-0162-0C4BC9A42062}.Release|Any CPU.Build.0 = Release|Any CPU
	EndGlobalSection
	GlobalSection(SolutionProperties) = preSolution
		HideSolutionNode = FALSE
	EndGlobalSection
EndGlobal
